// !$*UTF8*$!
{
	archiveVersion = 1;
	classes = {
	};
	objectVersion = 56;
	objects = {

/* Begin PBXBuildFile section */
		306D91DA2B053C27004AC9D4 /* String+Extension.swift in Sources */ = {isa = PBXBuildFile; fileRef = 306D91D92B053C27004AC9D4 /* String+Extension.swift */; };
		306D91DE2B053E8B004AC9D4 /* Meals.json in Resources */ = {isa = PBXBuildFile; fileRef = 306D91DD2B053E8B004AC9D4 /* Meals.json */; };
		306D91E22B053ED4004AC9D4 /* MealDetail.json in Resources */ = {isa = PBXBuildFile; fileRef = 306D91E12B053ED4004AC9D4 /* MealDetail.json */; };
		306D91E42B053F71004AC9D4 /* MockData.swift in Sources */ = {isa = PBXBuildFile; fileRef = 306D91E32B053F71004AC9D4 /* MockData.swift */; };
		306D91E62B05422E004AC9D4 /* MockAPISession.swift in Sources */ = {isa = PBXBuildFile; fileRef = 306D91E52B05422E004AC9D4 /* MockAPISession.swift */; };
		306D91E72B0542A2004AC9D4 /* EndPoint.swift in Sources */ = {isa = PBXBuildFile; fileRef = 3090E19D2B03E6EA0037ED68 /* EndPoint.swift */; };
		306D91E82B0542B4004AC9D4 /* URLs.swift in Sources */ = {isa = PBXBuildFile; fileRef = 3090E1822B03E2CF0037ED68 /* URLs.swift */; };
		306D91E92B0542C7004AC9D4 /* RequestBuilder.swift in Sources */ = {isa = PBXBuildFile; fileRef = 3090E18C2B03E3EB0037ED68 /* RequestBuilder.swift */; };
		306D91EB2B054453004AC9D4 /* XCTestCase+Extension.swift in Sources */ = {isa = PBXBuildFile; fileRef = 306D91EA2B054453004AC9D4 /* XCTestCase+Extension.swift */; };
		306D91ED2B054C18004AC9D4 /* MealDetailTests.swift in Sources */ = {isa = PBXBuildFile; fileRef = 306D91EC2B054C18004AC9D4 /* MealDetailTests.swift */; };
		3090E1562B03E2880037ED68 /* FetchiOSApp.swift in Sources */ = {isa = PBXBuildFile; fileRef = 3090E1552B03E2880037ED68 /* FetchiOSApp.swift */; };
		3090E15A2B03E28A0037ED68 /* Assets.xcassets in Resources */ = {isa = PBXBuildFile; fileRef = 3090E1592B03E28A0037ED68 /* Assets.xcassets */; };
		3090E15D2B03E28A0037ED68 /* Preview Assets.xcassets in Resources */ = {isa = PBXBuildFile; fileRef = 3090E15C2B03E28A0037ED68 /* Preview Assets.xcassets */; };
		3090E1672B03E28A0037ED68 /* FetchiOSTests.swift in Sources */ = {isa = PBXBuildFile; fileRef = 3090E1662B03E28A0037ED68 /* FetchiOSTests.swift */; };
		3090E1712B03E28A0037ED68 /* FetchiOSUITests.swift in Sources */ = {isa = PBXBuildFile; fileRef = 3090E1702B03E28A0037ED68 /* FetchiOSUITests.swift */; };
		3090E1732B03E28A0037ED68 /* FetchiOSUITestsLaunchTests.swift in Sources */ = {isa = PBXBuildFile; fileRef = 3090E1722B03E28A0037ED68 /* FetchiOSUITestsLaunchTests.swift */; };
		3090E1832B03E2CF0037ED68 /* URLs.swift in Sources */ = {isa = PBXBuildFile; fileRef = 3090E1822B03E2CF0037ED68 /* URLs.swift */; };
		3090E1862B03E3840037ED68 /* APISessionProtocol.swift in Sources */ = {isa = PBXBuildFile; fileRef = 3090E1852B03E3840037ED68 /* APISessionProtocol.swift */; };
		3090E1892B03E3AB0037ED68 /* APIError.swift in Sources */ = {isa = PBXBuildFile; fileRef = 3090E1882B03E3AB0037ED68 /* APIError.swift */; };
		3090E18B2B03E3C60037ED68 /* APISession.swift in Sources */ = {isa = PBXBuildFile; fileRef = 3090E18A2B03E3C60037ED68 /* APISession.swift */; };
		3090E18D2B03E3EB0037ED68 /* RequestBuilder.swift in Sources */ = {isa = PBXBuildFile; fileRef = 3090E18C2B03E3EB0037ED68 /* RequestBuilder.swift */; };
		3090E18F2B03E3FC0037ED68 /* Loadable.swift in Sources */ = {isa = PBXBuildFile; fileRef = 3090E18E2B03E3FC0037ED68 /* Loadable.swift */; };
		3090E1922B03E44E0037ED68 /* MealCategoryService.swift in Sources */ = {isa = PBXBuildFile; fileRef = 3090E1912B03E44E0037ED68 /* MealCategoryService.swift */; };
		3090E19C2B03E5740037ED68 /* Meal.swift in Sources */ = {isa = PBXBuildFile; fileRef = 3090E19B2B03E5740037ED68 /* Meal.swift */; };
		3090E19E2B03E6EA0037ED68 /* EndPoint.swift in Sources */ = {isa = PBXBuildFile; fileRef = 3090E19D2B03E6EA0037ED68 /* EndPoint.swift */; };
		3090E1A02B03E80F0037ED68 /* MealViewModel.swift in Sources */ = {isa = PBXBuildFile; fileRef = 3090E19F2B03E80F0037ED68 /* MealViewModel.swift */; };
		3090E1A22B03E9F10037ED68 /* MealCategoryView.swift in Sources */ = {isa = PBXBuildFile; fileRef = 3090E1A12B03E9F10037ED68 /* MealCategoryView.swift */; };
		3090E1A42B03ED7B0037ED68 /* MealDetail.swift in Sources */ = {isa = PBXBuildFile; fileRef = 3090E1A32B03ED7B0037ED68 /* MealDetail.swift */; };
		3090E1A62B03EEFC0037ED68 /* MealService.swift in Sources */ = {isa = PBXBuildFile; fileRef = 3090E1A52B03EEFC0037ED68 /* MealService.swift */; };
		3090E1AA2B03EF490037ED68 /* MealDetailViewModel.swift in Sources */ = {isa = PBXBuildFile; fileRef = 3090E1A92B03EF490037ED68 /* MealDetailViewModel.swift */; };
		3090E1AC2B03F0200037ED68 /* MealDetailView.swift in Sources */ = {isa = PBXBuildFile; fileRef = 3090E1AB2B03F0200037ED68 /* MealDetailView.swift */; };
		3090E1AF2B03F1780037ED68 /* NavigationLazyView.swift in Sources */ = {isa = PBXBuildFile; fileRef = 3090E1AE2B03F1780037ED68 /* NavigationLazyView.swift */; };
/* End PBXBuildFile section */

/* Begin PBXContainerItemProxy section */
		3090E1632B03E28A0037ED68 /* PBXContainerItemProxy */ = {
			isa = PBXContainerItemProxy;
			containerPortal = 3090E14A2B03E2880037ED68 /* Project object */;
			proxyType = 1;
			remoteGlobalIDString = 3090E1512B03E2880037ED68;
			remoteInfo = FetchiOS;
		};
		3090E16D2B03E28A0037ED68 /* PBXContainerItemProxy */ = {
			isa = PBXContainerItemProxy;
			containerPortal = 3090E14A2B03E2880037ED68 /* Project object */;
			proxyType = 1;
			remoteGlobalIDString = 3090E1512B03E2880037ED68;
			remoteInfo = FetchiOS;
		};
/* End PBXContainerItemProxy section */

/* Begin PBXFileReference section */
		306D91D92B053C27004AC9D4 /* String+Extension.swift */ = {isa = PBXFileReference; lastKnownFileType = sourcecode.swift; path = "String+Extension.swift"; sourceTree = "<group>"; };
		306D91DD2B053E8B004AC9D4 /* Meals.json */ = {isa = PBXFileReference; lastKnownFileType = text.json; path = Meals.json; sourceTree = "<group>"; };
		306D91E12B053ED4004AC9D4 /* MealDetail.json */ = {isa = PBXFileReference; lastKnownFileType = text.json; path = MealDetail.json; sourceTree = "<group>"; };
		306D91E32B053F71004AC9D4 /* MockData.swift */ = {isa = PBXFileReference; lastKnownFileType = sourcecode.swift; path = MockData.swift; sourceTree = "<group>"; };
		306D91E52B05422E004AC9D4 /* MockAPISession.swift */ = {isa = PBXFileReference; lastKnownFileType = sourcecode.swift; path = MockAPISession.swift; sourceTree = "<group>"; };
		306D91EA2B054453004AC9D4 /* XCTestCase+Extension.swift */ = {isa = PBXFileReference; lastKnownFileType = sourcecode.swift; path = "XCTestCase+Extension.swift"; sourceTree = "<group>"; };
		306D91EC2B054C18004AC9D4 /* MealDetailTests.swift */ = {isa = PBXFileReference; lastKnownFileType = sourcecode.swift; path = MealDetailTests.swift; sourceTree = "<group>"; };
		3090E1522B03E2880037ED68 /* FetchiOS.app */ = {isa = PBXFileReference; explicitFileType = wrapper.application; includeInIndex = 0; path = FetchiOS.app; sourceTree = BUILT_PRODUCTS_DIR; };
		3090E1552B03E2880037ED68 /* FetchiOSApp.swift */ = {isa = PBXFileReference; lastKnownFileType = sourcecode.swift; path = FetchiOSApp.swift; sourceTree = "<group>"; };
		3090E1592B03E28A0037ED68 /* Assets.xcassets */ = {isa = PBXFileReference; lastKnownFileType = folder.assetcatalog; path = Assets.xcassets; sourceTree = "<group>"; };
		3090E15C2B03E28A0037ED68 /* Preview Assets.xcassets */ = {isa = PBXFileReference; lastKnownFileType = folder.assetcatalog; path = "Preview Assets.xcassets"; sourceTree = "<group>"; };
		3090E1622B03E28A0037ED68 /* FetchiOSTests.xctest */ = {isa = PBXFileReference; explicitFileType = wrapper.cfbundle; includeInIndex = 0; path = FetchiOSTests.xctest; sourceTree = BUILT_PRODUCTS_DIR; };
		3090E1662B03E28A0037ED68 /* FetchiOSTests.swift */ = {isa = PBXFileReference; lastKnownFileType = sourcecode.swift; path = FetchiOSTests.swift; sourceTree = "<group>"; };
		3090E16C2B03E28A0037ED68 /* FetchiOSUITests.xctest */ = {isa = PBXFileReference; explicitFileType = wrapper.cfbundle; includeInIndex = 0; path = FetchiOSUITests.xctest; sourceTree = BUILT_PRODUCTS_DIR; };
		3090E1702B03E28A0037ED68 /* FetchiOSUITests.swift */ = {isa = PBXFileReference; lastKnownFileType = sourcecode.swift; path = FetchiOSUITests.swift; sourceTree = "<group>"; };
		3090E1722B03E28A0037ED68 /* FetchiOSUITestsLaunchTests.swift */ = {isa = PBXFileReference; lastKnownFileType = sourcecode.swift; path = FetchiOSUITestsLaunchTests.swift; sourceTree = "<group>"; };
		3090E1822B03E2CF0037ED68 /* URLs.swift */ = {isa = PBXFileReference; lastKnownFileType = sourcecode.swift; path = URLs.swift; sourceTree = "<group>"; };
		3090E1852B03E3840037ED68 /* APISessionProtocol.swift */ = {isa = PBXFileReference; lastKnownFileType = sourcecode.swift; path = APISessionProtocol.swift; sourceTree = "<group>"; };
		3090E1882B03E3AB0037ED68 /* APIError.swift */ = {isa = PBXFileReference; lastKnownFileType = sourcecode.swift; path = APIError.swift; sourceTree = "<group>"; };
		3090E18A2B03E3C60037ED68 /* APISession.swift */ = {isa = PBXFileReference; lastKnownFileType = sourcecode.swift; path = APISession.swift; sourceTree = "<group>"; };
		3090E18C2B03E3EB0037ED68 /* RequestBuilder.swift */ = {isa = PBXFileReference; lastKnownFileType = sourcecode.swift; path = RequestBuilder.swift; sourceTree = "<group>"; };
		3090E18E2B03E3FC0037ED68 /* Loadable.swift */ = {isa = PBXFileReference; lastKnownFileType = sourcecode.swift; path = Loadable.swift; sourceTree = "<group>"; };
		3090E1912B03E44E0037ED68 /* MealCategoryService.swift */ = {isa = PBXFileReference; lastKnownFileType = sourcecode.swift; path = MealCategoryService.swift; sourceTree = "<group>"; };
		3090E19B2B03E5740037ED68 /* Meal.swift */ = {isa = PBXFileReference; lastKnownFileType = sourcecode.swift; path = Meal.swift; sourceTree = "<group>"; };
		3090E19D2B03E6EA0037ED68 /* EndPoint.swift */ = {isa = PBXFileReference; lastKnownFileType = sourcecode.swift; path = EndPoint.swift; sourceTree = "<group>"; };
		3090E19F2B03E80F0037ED68 /* MealViewModel.swift */ = {isa = PBXFileReference; lastKnownFileType = sourcecode.swift; path = MealViewModel.swift; sourceTree = "<group>"; };
		3090E1A12B03E9F10037ED68 /* MealCategoryView.swift */ = {isa = PBXFileReference; lastKnownFileType = sourcecode.swift; path = MealCategoryView.swift; sourceTree = "<group>"; };
		3090E1A32B03ED7B0037ED68 /* MealDetail.swift */ = {isa = PBXFileReference; lastKnownFileType = sourcecode.swift; path = MealDetail.swift; sourceTree = "<group>"; };
		3090E1A52B03EEFC0037ED68 /* MealService.swift */ = {isa = PBXFileReference; lastKnownFileType = sourcecode.swift; path = MealService.swift; sourceTree = "<group>"; };
		3090E1A92B03EF490037ED68 /* MealDetailViewModel.swift */ = {isa = PBXFileReference; lastKnownFileType = sourcecode.swift; path = MealDetailViewModel.swift; sourceTree = "<group>"; };
		3090E1AB2B03F0200037ED68 /* MealDetailView.swift */ = {isa = PBXFileReference; lastKnownFileType = sourcecode.swift; path = MealDetailView.swift; sourceTree = "<group>"; };
		3090E1AE2B03F1780037ED68 /* NavigationLazyView.swift */ = {isa = PBXFileReference; lastKnownFileType = sourcecode.swift; path = NavigationLazyView.swift; sourceTree = "<group>"; };
/* End PBXFileReference section */

/* Begin PBXFrameworksBuildPhase section */
		3090E14F2B03E2880037ED68 /* Frameworks */ = {
			isa = PBXFrameworksBuildPhase;
			buildActionMask = 2147483647;
			files = (
			);
			runOnlyForDeploymentPostprocessing = 0;
		};
		3090E15F2B03E28A0037ED68 /* Frameworks */ = {
			isa = PBXFrameworksBuildPhase;
			buildActionMask = 2147483647;
			files = (
			);
			runOnlyForDeploymentPostprocessing = 0;
		};
		3090E1692B03E28A0037ED68 /* Frameworks */ = {
			isa = PBXFrameworksBuildPhase;
			buildActionMask = 2147483647;
			files = (
			);
			runOnlyForDeploymentPostprocessing = 0;
		};
/* End PBXFrameworksBuildPhase section */

/* Begin PBXGroup section */
		306D91DB2B053E51004AC9D4 /* App */ = {
			isa = PBXGroup;
			children = (
				3090E1552B03E2880037ED68 /* FetchiOSApp.swift */,
				3090E1592B03E28A0037ED68 /* Assets.xcassets */,
			);
			path = App;
			sourceTree = "<group>";
		};
		306D91DC2B053E73004AC9D4 /* JSON */ = {
			isa = PBXGroup;
			children = (
				306D91DD2B053E8B004AC9D4 /* Meals.json */,
				306D91E12B053ED4004AC9D4 /* MealDetail.json */,
				306D91E32B053F71004AC9D4 /* MockData.swift */,
			);
			path = JSON;
			sourceTree = "<group>";
		};
		3090E1492B03E2880037ED68 = {
			isa = PBXGroup;
			children = (
				3090E1542B03E2880037ED68 /* FetchiOS */,
				3090E1652B03E28A0037ED68 /* FetchiOSTests */,
				3090E16F2B03E28A0037ED68 /* FetchiOSUITests */,
				3090E1532B03E2880037ED68 /* Products */,
			);
			sourceTree = "<group>";
		};
		3090E1532B03E2880037ED68 /* Products */ = {
			isa = PBXGroup;
			children = (
				3090E1522B03E2880037ED68 /* FetchiOS.app */,
				3090E1622B03E28A0037ED68 /* FetchiOSTests.xctest */,
				3090E16C2B03E28A0037ED68 /* FetchiOSUITests.xctest */,
			);
			name = Products;
			sourceTree = "<group>";
		};
		3090E1542B03E2880037ED68 /* FetchiOS */ = {
			isa = PBXGroup;
			children = (
				3090E1802B03E2B30037ED68 /* Network */,
				3090E1952B03E4D90037ED68 /* Feature */,
				306D91DB2B053E51004AC9D4 /* App */,
				3090E1AD2B03F16E0037ED68 /* Utilities */,
				3090E15B2B03E28A0037ED68 /* Preview Content */,
				306D91DC2B053E73004AC9D4 /* JSON */,
			);
			path = FetchiOS;
			sourceTree = "<group>";
		};
		3090E15B2B03E28A0037ED68 /* Preview Content */ = {
			isa = PBXGroup;
			children = (
				3090E15C2B03E28A0037ED68 /* Preview Assets.xcassets */,
			);
			path = "Preview Content";
			sourceTree = "<group>";
		};
		3090E1652B03E28A0037ED68 /* FetchiOSTests */ = {
			isa = PBXGroup;
			children = (
				3090E1662B03E28A0037ED68 /* FetchiOSTests.swift */,
				306D91EC2B054C18004AC9D4 /* MealDetailTests.swift */,
				306D91E52B05422E004AC9D4 /* MockAPISession.swift */,
				306D91EA2B054453004AC9D4 /* XCTestCase+Extension.swift */,
			);
			path = FetchiOSTests;
			sourceTree = "<group>";
		};
		3090E16F2B03E28A0037ED68 /* FetchiOSUITests */ = {
			isa = PBXGroup;
			children = (
				3090E1702B03E28A0037ED68 /* FetchiOSUITests.swift */,
				3090E1722B03E28A0037ED68 /* FetchiOSUITestsLaunchTests.swift */,
			);
			path = FetchiOSUITests;
			sourceTree = "<group>";
		};
		3090E1802B03E2B30037ED68 /* Network */ = {
			isa = PBXGroup;
			children = (
				3090E1812B03E2C20037ED68 /* URL */,
				3090E1842B03E3730037ED68 /* APIRequest */,
				3090E1902B03E4110037ED68 /* Services */,
				3090E1872B03E39F0037ED68 /* Error */,
			);
			path = Network;
			sourceTree = "<group>";
		};
		3090E1812B03E2C20037ED68 /* URL */ = {
			isa = PBXGroup;
			children = (
				3090E1822B03E2CF0037ED68 /* URLs.swift */,
				3090E19D2B03E6EA0037ED68 /* EndPoint.swift */,
			);
			path = URL;
			sourceTree = "<group>";
		};
		3090E1842B03E3730037ED68 /* APIRequest */ = {
			isa = PBXGroup;
			children = (
				3090E1852B03E3840037ED68 /* APISessionProtocol.swift */,
				3090E18A2B03E3C60037ED68 /* APISession.swift */,
				3090E18C2B03E3EB0037ED68 /* RequestBuilder.swift */,
				3090E18E2B03E3FC0037ED68 /* Loadable.swift */,
			);
			path = APIRequest;
			sourceTree = "<group>";
		};
		3090E1872B03E39F0037ED68 /* Error */ = {
			isa = PBXGroup;
			children = (
				3090E1882B03E3AB0037ED68 /* APIError.swift */,
			);
			path = Error;
			sourceTree = "<group>";
		};
		3090E1902B03E4110037ED68 /* Services */ = {
			isa = PBXGroup;
			children = (
				3090E1912B03E44E0037ED68 /* MealCategoryService.swift */,
				3090E1A52B03EEFC0037ED68 /* MealService.swift */,
			);
			path = Services;
			sourceTree = "<group>";
		};
		3090E1952B03E4D90037ED68 /* Feature */ = {
			isa = PBXGroup;
			children = (
				3090E1962B03E53E0037ED68 /* Meals */,
			);
			path = Feature;
			sourceTree = "<group>";
		};
		3090E1962B03E53E0037ED68 /* Meals */ = {
			isa = PBXGroup;
			children = (
				3090E19A2B03E55E0037ED68 /* Model */,
				3090E1982B03E54A0037ED68 /* ViewModel */,
				3090E1972B03E5450037ED68 /* View */,
			);
			path = Meals;
			sourceTree = "<group>";
		};
		3090E1972B03E5450037ED68 /* View */ = {
			isa = PBXGroup;
			children = (
				3090E1A12B03E9F10037ED68 /* MealCategoryView.swift */,
				3090E1AB2B03F0200037ED68 /* MealDetailView.swift */,
			);
			path = View;
			sourceTree = "<group>";
		};
		3090E1982B03E54A0037ED68 /* ViewModel */ = {
			isa = PBXGroup;
			children = (
				3090E19F2B03E80F0037ED68 /* MealViewModel.swift */,
				3090E1A92B03EF490037ED68 /* MealDetailViewModel.swift */,
			);
			path = ViewModel;
			sourceTree = "<group>";
		};
		3090E19A2B03E55E0037ED68 /* Model */ = {
			isa = PBXGroup;
			children = (
				3090E19B2B03E5740037ED68 /* Meal.swift */,
				3090E1A32B03ED7B0037ED68 /* MealDetail.swift */,
			);
			path = Model;
			sourceTree = "<group>";
		};
		3090E1AD2B03F16E0037ED68 /* Utilities */ = {
			isa = PBXGroup;
			children = (
				3090E1AE2B03F1780037ED68 /* NavigationLazyView.swift */,
				306D91D92B053C27004AC9D4 /* String+Extension.swift */,
			);
			path = Utilities;
			sourceTree = "<group>";
		};
/* End PBXGroup section */

/* Begin PBXNativeTarget section */
		3090E1512B03E2880037ED68 /* FetchiOS */ = {
			isa = PBXNativeTarget;
			buildConfigurationList = 3090E1762B03E28A0037ED68 /* Build configuration list for PBXNativeTarget "FetchiOS" */;
			buildPhases = (
				3090E14E2B03E2880037ED68 /* Sources */,
				3090E14F2B03E2880037ED68 /* Frameworks */,
				3090E1502B03E2880037ED68 /* Resources */,
			);
			buildRules = (
			);
			dependencies = (
			);
			name = FetchiOS;
			productName = FetchiOS;
			productReference = 3090E1522B03E2880037ED68 /* FetchiOS.app */;
			productType = "com.apple.product-type.application";
		};
		3090E1612B03E28A0037ED68 /* FetchiOSTests */ = {
			isa = PBXNativeTarget;
			buildConfigurationList = 3090E1792B03E28A0037ED68 /* Build configuration list for PBXNativeTarget "FetchiOSTests" */;
			buildPhases = (
				3090E15E2B03E28A0037ED68 /* Sources */,
				3090E15F2B03E28A0037ED68 /* Frameworks */,
				3090E1602B03E28A0037ED68 /* Resources */,
			);
			buildRules = (
			);
			dependencies = (
				3090E1642B03E28A0037ED68 /* PBXTargetDependency */,
			);
			name = FetchiOSTests;
			productName = FetchiOSTests;
			productReference = 3090E1622B03E28A0037ED68 /* FetchiOSTests.xctest */;
			productType = "com.apple.product-type.bundle.unit-test";
		};
		3090E16B2B03E28A0037ED68 /* FetchiOSUITests */ = {
			isa = PBXNativeTarget;
			buildConfigurationList = 3090E17C2B03E28A0037ED68 /* Build configuration list for PBXNativeTarget "FetchiOSUITests" */;
			buildPhases = (
				3090E1682B03E28A0037ED68 /* Sources */,
				3090E1692B03E28A0037ED68 /* Frameworks */,
				3090E16A2B03E28A0037ED68 /* Resources */,
			);
			buildRules = (
			);
			dependencies = (
				3090E16E2B03E28A0037ED68 /* PBXTargetDependency */,
			);
			name = FetchiOSUITests;
			productName = FetchiOSUITests;
			productReference = 3090E16C2B03E28A0037ED68 /* FetchiOSUITests.xctest */;
			productType = "com.apple.product-type.bundle.ui-testing";
		};
/* End PBXNativeTarget section */

/* Begin PBXProject section */
		3090E14A2B03E2880037ED68 /* Project object */ = {
			isa = PBXProject;
			attributes = {
				BuildIndependentTargetsInParallel = 1;
				LastSwiftUpdateCheck = 1420;
				LastUpgradeCheck = 1420;
				TargetAttributes = {
					3090E1512B03E2880037ED68 = {
						CreatedOnToolsVersion = 14.2;
					};
					3090E1612B03E28A0037ED68 = {
						CreatedOnToolsVersion = 14.2;
						TestTargetID = 3090E1512B03E2880037ED68;
					};
					3090E16B2B03E28A0037ED68 = {
						CreatedOnToolsVersion = 14.2;
						TestTargetID = 3090E1512B03E2880037ED68;
					};
				};
			};
			buildConfigurationList = 3090E14D2B03E2880037ED68 /* Build configuration list for PBXProject "FetchiOS" */;
			compatibilityVersion = "Xcode 14.0";
			developmentRegion = en;
			hasScannedForEncodings = 0;
			knownRegions = (
				en,
				Base,
			);
			mainGroup = 3090E1492B03E2880037ED68;
			productRefGroup = 3090E1532B03E2880037ED68 /* Products */;
			projectDirPath = "";
			projectRoot = "";
			targets = (
				3090E1512B03E2880037ED68 /* FetchiOS */,
				3090E1612B03E28A0037ED68 /* FetchiOSTests */,
				3090E16B2B03E28A0037ED68 /* FetchiOSUITests */,
			);
		};
/* End PBXProject section */

/* Begin PBXResourcesBuildPhase section */
		3090E1502B03E2880037ED68 /* Resources */ = {
			isa = PBXResourcesBuildPhase;
			buildActionMask = 2147483647;
			files = (
				3090E15D2B03E28A0037ED68 /* Preview Assets.xcassets in Resources */,
				306D91E22B053ED4004AC9D4 /* MealDetail.json in Resources */,
				3090E15A2B03E28A0037ED68 /* Assets.xcassets in Resources */,
				306D91DE2B053E8B004AC9D4 /* Meals.json in Resources */,
			);
			runOnlyForDeploymentPostprocessing = 0;
		};
		3090E1602B03E28A0037ED68 /* Resources */ = {
			isa = PBXResourcesBuildPhase;
			buildActionMask = 2147483647;
			files = (
			);
			runOnlyForDeploymentPostprocessing = 0;
		};
		3090E16A2B03E28A0037ED68 /* Resources */ = {
			isa = PBXResourcesBuildPhase;
			buildActionMask = 2147483647;
			files = (
			);
			runOnlyForDeploymentPostprocessing = 0;
		};
/* End PBXResourcesBuildPhase section */

/* Begin PBXSourcesBuildPhase section */
		3090E14E2B03E2880037ED68 /* Sources */ = {
			isa = PBXSourcesBuildPhase;
			buildActionMask = 2147483647;
			files = (
				3090E18D2B03E3EB0037ED68 /* RequestBuilder.swift in Sources */,
				3090E1832B03E2CF0037ED68 /* URLs.swift in Sources */,
				306D91DA2B053C27004AC9D4 /* String+Extension.swift in Sources */,
				3090E1A42B03ED7B0037ED68 /* MealDetail.swift in Sources */,
				3090E1562B03E2880037ED68 /* FetchiOSApp.swift in Sources */,
				3090E19C2B03E5740037ED68 /* Meal.swift in Sources */,
				3090E1A02B03E80F0037ED68 /* MealViewModel.swift in Sources */,
				3090E1A22B03E9F10037ED68 /* MealCategoryView.swift in Sources */,
				306D91E42B053F71004AC9D4 /* MockData.swift in Sources */,
				3090E1A62B03EEFC0037ED68 /* MealService.swift in Sources */,
				3090E19E2B03E6EA0037ED68 /* EndPoint.swift in Sources */,
				3090E1922B03E44E0037ED68 /* MealCategoryService.swift in Sources */,
				3090E1AC2B03F0200037ED68 /* MealDetailView.swift in Sources */,
				3090E1892B03E3AB0037ED68 /* APIError.swift in Sources */,
				3090E18F2B03E3FC0037ED68 /* Loadable.swift in Sources */,
				3090E1AF2B03F1780037ED68 /* NavigationLazyView.swift in Sources */,
				3090E1862B03E3840037ED68 /* APISessionProtocol.swift in Sources */,
				3090E18B2B03E3C60037ED68 /* APISession.swift in Sources */,
				3090E1AA2B03EF490037ED68 /* MealDetailViewModel.swift in Sources */,
			);
			runOnlyForDeploymentPostprocessing = 0;
		};
		3090E15E2B03E28A0037ED68 /* Sources */ = {
			isa = PBXSourcesBuildPhase;
			buildActionMask = 2147483647;
			files = (
				306D91EB2B054453004AC9D4 /* XCTestCase+Extension.swift in Sources */,
				306D91E92B0542C7004AC9D4 /* RequestBuilder.swift in Sources */,
				306D91E72B0542A2004AC9D4 /* EndPoint.swift in Sources */,
				3090E1672B03E28A0037ED68 /* FetchiOSTests.swift in Sources */,
				306D91ED2B054C18004AC9D4 /* MealDetailTests.swift in Sources */,
				306D91E62B05422E004AC9D4 /* MockAPISession.swift in Sources */,
				306D91E82B0542B4004AC9D4 /* URLs.swift in Sources */,
			);
			runOnlyForDeploymentPostprocessing = 0;
		};
		3090E1682B03E28A0037ED68 /* Sources */ = {
			isa = PBXSourcesBuildPhase;
			buildActionMask = 2147483647;
			files = (
				3090E1732B03E28A0037ED68 /* FetchiOSUITestsLaunchTests.swift in Sources */,
				3090E1712B03E28A0037ED68 /* FetchiOSUITests.swift in Sources */,
			);
			runOnlyForDeploymentPostprocessing = 0;
		};
/* End PBXSourcesBuildPhase section */

/* Begin PBXTargetDependency section */
		3090E1642B03E28A0037ED68 /* PBXTargetDependency */ = {
			isa = PBXTargetDependency;
			target = 3090E1512B03E2880037ED68 /* FetchiOS */;
			targetProxy = 3090E1632B03E28A0037ED68 /* PBXContainerItemProxy */;
		};
		3090E16E2B03E28A0037ED68 /* PBXTargetDependency */ = {
			isa = PBXTargetDependency;
			target = 3090E1512B03E2880037ED68 /* FetchiOS */;
			targetProxy = 3090E16D2B03E28A0037ED68 /* PBXContainerItemProxy */;
		};
/* End PBXTargetDependency section */

/* Begin XCBuildConfiguration section */
		3090E1742B03E28A0037ED68 /* Debug */ = {
			isa = XCBuildConfiguration;
			buildSettings = {
				ALWAYS_SEARCH_USER_PATHS = NO;
				CLANG_ANALYZER_NONNULL = YES;
				CLANG_ANALYZER_NUMBER_OBJECT_CONVERSION = YES_AGGRESSIVE;
				CLANG_CXX_LANGUAGE_STANDARD = "gnu++20";
				CLANG_ENABLE_MODULES = YES;
				CLANG_ENABLE_OBJC_ARC = YES;
				CLANG_ENABLE_OBJC_WEAK = YES;
				CLANG_WARN_BLOCK_CAPTURE_AUTORELEASING = YES;
				CLANG_WARN_BOOL_CONVERSION = YES;
				CLANG_WARN_COMMA = YES;
				CLANG_WARN_CONSTANT_CONVERSION = YES;
				CLANG_WARN_DEPRECATED_OBJC_IMPLEMENTATIONS = YES;
				CLANG_WARN_DIRECT_OBJC_ISA_USAGE = YES_ERROR;
				CLANG_WARN_DOCUMENTATION_COMMENTS = YES;
				CLANG_WARN_EMPTY_BODY = YES;
				CLANG_WARN_ENUM_CONVERSION = YES;
				CLANG_WARN_INFINITE_RECURSION = YES;
				CLANG_WARN_INT_CONVERSION = YES;
				CLANG_WARN_NON_LITERAL_NULL_CONVERSION = YES;
				CLANG_WARN_OBJC_IMPLICIT_RETAIN_SELF = YES;
				CLANG_WARN_OBJC_LITERAL_CONVERSION = YES;
				CLANG_WARN_OBJC_ROOT_CLASS = YES_ERROR;
				CLANG_WARN_QUOTED_INCLUDE_IN_FRAMEWORK_HEADER = YES;
				CLANG_WARN_RANGE_LOOP_ANALYSIS = YES;
				CLANG_WARN_STRICT_PROTOTYPES = YES;
				CLANG_WARN_SUSPICIOUS_MOVE = YES;
				CLANG_WARN_UNGUARDED_AVAILABILITY = YES_AGGRESSIVE;
				CLANG_WARN_UNREACHABLE_CODE = YES;
				CLANG_WARN__DUPLICATE_METHOD_MATCH = YES;
				COPY_PHASE_STRIP = NO;
				DEBUG_INFORMATION_FORMAT = dwarf;
				ENABLE_STRICT_OBJC_MSGSEND = YES;
				ENABLE_TESTABILITY = YES;
				GCC_C_LANGUAGE_STANDARD = gnu11;
				GCC_DYNAMIC_NO_PIC = NO;
				GCC_NO_COMMON_BLOCKS = YES;
				GCC_OPTIMIZATION_LEVEL = 0;
				GCC_PREPROCESSOR_DEFINITIONS = (
					"DEBUG=1",
					"$(inherited)",
				);
				GCC_WARN_64_TO_32_BIT_CONVERSION = YES;
				GCC_WARN_ABOUT_RETURN_TYPE = YES_ERROR;
				GCC_WARN_UNDECLARED_SELECTOR = YES;
				GCC_WARN_UNINITIALIZED_AUTOS = YES_AGGRESSIVE;
				GCC_WARN_UNUSED_FUNCTION = YES;
				GCC_WARN_UNUSED_VARIABLE = YES;
				IPHONEOS_DEPLOYMENT_TARGET = 16.2;
				MTL_ENABLE_DEBUG_INFO = INCLUDE_SOURCE;
				MTL_FAST_MATH = YES;
				ONLY_ACTIVE_ARCH = YES;
				SDKROOT = iphoneos;
				SWIFT_ACTIVE_COMPILATION_CONDITIONS = DEBUG;
				SWIFT_OPTIMIZATION_LEVEL = "-Onone";
			};
			name = Debug;
		};
		3090E1752B03E28A0037ED68 /* Release */ = {
			isa = XCBuildConfiguration;
			buildSettings = {
				ALWAYS_SEARCH_USER_PATHS = NO;
				CLANG_ANALYZER_NONNULL = YES;
				CLANG_ANALYZER_NUMBER_OBJECT_CONVERSION = YES_AGGRESSIVE;
				CLANG_CXX_LANGUAGE_STANDARD = "gnu++20";
				CLANG_ENABLE_MODULES = YES;
				CLANG_ENABLE_OBJC_ARC = YES;
				CLANG_ENABLE_OBJC_WEAK = YES;
				CLANG_WARN_BLOCK_CAPTURE_AUTORELEASING = YES;
				CLANG_WARN_BOOL_CONVERSION = YES;
				CLANG_WARN_COMMA = YES;
				CLANG_WARN_CONSTANT_CONVERSION = YES;
				CLANG_WARN_DEPRECATED_OBJC_IMPLEMENTATIONS = YES;
				CLANG_WARN_DIRECT_OBJC_ISA_USAGE = YES_ERROR;
				CLANG_WARN_DOCUMENTATION_COMMENTS = YES;
				CLANG_WARN_EMPTY_BODY = YES;
				CLANG_WARN_ENUM_CONVERSION = YES;
				CLANG_WARN_INFINITE_RECURSION = YES;
				CLANG_WARN_INT_CONVERSION = YES;
				CLANG_WARN_NON_LITERAL_NULL_CONVERSION = YES;
				CLANG_WARN_OBJC_IMPLICIT_RETAIN_SELF = YES;
				CLANG_WARN_OBJC_LITERAL_CONVERSION = YES;
				CLANG_WARN_OBJC_ROOT_CLASS = YES_ERROR;
				CLANG_WARN_QUOTED_INCLUDE_IN_FRAMEWORK_HEADER = YES;
				CLANG_WARN_RANGE_LOOP_ANALYSIS = YES;
				CLANG_WARN_STRICT_PROTOTYPES = YES;
				CLANG_WARN_SUSPICIOUS_MOVE = YES;
				CLANG_WARN_UNGUARDED_AVAILABILITY = YES_AGGRESSIVE;
				CLANG_WARN_UNREACHABLE_CODE = YES;
				CLANG_WARN__DUPLICATE_METHOD_MATCH = YES;
				COPY_PHASE_STRIP = NO;
				DEBUG_INFORMATION_FORMAT = "dwarf-with-dsym";
				ENABLE_NS_ASSERTIONS = NO;
				ENABLE_STRICT_OBJC_MSGSEND = YES;
				GCC_C_LANGUAGE_STANDARD = gnu11;
				GCC_NO_COMMON_BLOCKS = YES;
				GCC_WARN_64_TO_32_BIT_CONVERSION = YES;
				GCC_WARN_ABOUT_RETURN_TYPE = YES_ERROR;
				GCC_WARN_UNDECLARED_SELECTOR = YES;
				GCC_WARN_UNINITIALIZED_AUTOS = YES_AGGRESSIVE;
				GCC_WARN_UNUSED_FUNCTION = YES;
				GCC_WARN_UNUSED_VARIABLE = YES;
				IPHONEOS_DEPLOYMENT_TARGET = 16.2;
				MTL_ENABLE_DEBUG_INFO = NO;
				MTL_FAST_MATH = YES;
				SDKROOT = iphoneos;
				SWIFT_COMPILATION_MODE = wholemodule;
				SWIFT_OPTIMIZATION_LEVEL = "-O";
				VALIDATE_PRODUCT = YES;
			};
			name = Release;
		};
		3090E1772B03E28A0037ED68 /* Debug */ = {
			isa = XCBuildConfiguration;
			buildSettings = {
				ASSETCATALOG_COMPILER_APPICON_NAME = AppIcon;
				ASSETCATALOG_COMPILER_GLOBAL_ACCENT_COLOR_NAME = AccentColor;
				CODE_SIGN_STYLE = Automatic;
				CURRENT_PROJECT_VERSION = 1;
				DEVELOPMENT_ASSET_PATHS = "\"FetchiOS/Preview Content\"";
				DEVELOPMENT_TEAM = SWG8AHLFSK;
				ENABLE_PREVIEWS = YES;
				GENERATE_INFOPLIST_FILE = YES;
				INFOPLIST_KEY_UIApplicationSceneManifest_Generation = YES;
				INFOPLIST_KEY_UIApplicationSupportsIndirectInputEvents = YES;
				INFOPLIST_KEY_UILaunchScreen_Generation = YES;
				INFOPLIST_KEY_UISupportedInterfaceOrientations_iPad = "UIInterfaceOrientationPortrait UIInterfaceOrientationPortraitUpsideDown UIInterfaceOrientationLandscapeLeft UIInterfaceOrientationLandscapeRight";
				INFOPLIST_KEY_UISupportedInterfaceOrientations_iPhone = "UIInterfaceOrientationPortrait UIInterfaceOrientationLandscapeLeft UIInterfaceOrientationLandscapeRight";
				LD_RUNPATH_SEARCH_PATHS = (
					"$(inherited)",
					"@executable_path/Frameworks",
				);
				MARKETING_VERSION = 1.0;
				PRODUCT_BUNDLE_IDENTIFIER = com.adit.FetchiOS;
				PRODUCT_NAME = "$(TARGET_NAME)";
				SWIFT_EMIT_LOC_STRINGS = YES;
				SWIFT_VERSION = 5.0;
				TARGETED_DEVICE_FAMILY = "1,2";
			};
			name = Debug;
		};
		3090E1782B03E28A0037ED68 /* Release */ = {
			isa = XCBuildConfiguration;
			buildSettings = {
				ASSETCATALOG_COMPILER_APPICON_NAME = AppIcon;
				ASSETCATALOG_COMPILER_GLOBAL_ACCENT_COLOR_NAME = AccentColor;
				CODE_SIGN_STYLE = Automatic;
				CURRENT_PROJECT_VERSION = 1;
				DEVELOPMENT_ASSET_PATHS = "\"FetchiOS/Preview Content\"";
				DEVELOPMENT_TEAM = SWG8AHLFSK;
				ENABLE_PREVIEWS = YES;
				GENERATE_INFOPLIST_FILE = YES;
				INFOPLIST_KEY_UIApplicationSceneManifest_Generation = YES;
				INFOPLIST_KEY_UIApplicationSupportsIndirectInputEvents = YES;
				INFOPLIST_KEY_UILaunchScreen_Generation = YES;
				INFOPLIST_KEY_UISupportedInterfaceOrientations_iPad = "UIInterfaceOrientationPortrait UIInterfaceOrientationPortraitUpsideDown UIInterfaceOrientationLandscapeLeft UIInterfaceOrientationLandscapeRight";
				INFOPLIST_KEY_UISupportedInterfaceOrientations_iPhone = "UIInterfaceOrientationPortrait UIInterfaceOrientationLandscapeLeft UIInterfaceOrientationLandscapeRight";
				LD_RUNPATH_SEARCH_PATHS = (
					"$(inherited)",
					"@executable_path/Frameworks",
				);
				MARKETING_VERSION = 1.0;
				PRODUCT_BUNDLE_IDENTIFIER = com.adit.FetchiOS;
				PRODUCT_NAME = "$(TARGET_NAME)";
				SWIFT_EMIT_LOC_STRINGS = YES;
				SWIFT_VERSION = 5.0;
				TARGETED_DEVICE_FAMILY = "1,2";
			};
			name = Release;
		};
		3090E17A2B03E28A0037ED68 /* Debug */ = {
			isa = XCBuildConfiguration;
			buildSettings = {
				ALWAYS_EMBED_SWIFT_STANDARD_LIBRARIES = YES;
				BUNDLE_LOADER = "$(TEST_HOST)";
				CODE_SIGN_STYLE = Automatic;
				CURRENT_PROJECT_VERSION = 1;
				DEVELOPMENT_TEAM = SWG8AHLFSK;
				GENERATE_INFOPLIST_FILE = YES;
				IPHONEOS_DEPLOYMENT_TARGET = 16.2;
				MARKETING_VERSION = 1.0;
				PRODUCT_BUNDLE_IDENTIFIER = com.adit.FetchiOSTests;
				PRODUCT_NAME = "$(TARGET_NAME)";
				SWIFT_EMIT_LOC_STRINGS = NO;
				SWIFT_VERSION = 5.0;
				TARGETED_DEVICE_FAMILY = "1,2";
				TEST_HOST = "$(BUILT_PRODUCTS_DIR)/FetchiOS.app/$(BUNDLE_EXECUTABLE_FOLDER_PATH)/FetchiOS";
			};
			name = Debug;
		};
		3090E17B2B03E28A0037ED68 /* Release */ = {
			isa = XCBuildConfiguration;
			buildSettings = {
				ALWAYS_EMBED_SWIFT_STANDARD_LIBRARIES = YES;
				BUNDLE_LOADER = "$(TEST_HOST)";
				CODE_SIGN_STYLE = Automatic;
				CURRENT_PROJECT_VERSION = 1;
				DEVELOPMENT_TEAM = SWG8AHLFSK;
				GENERATE_INFOPLIST_FILE = YES;
				IPHONEOS_DEPLOYMENT_TARGET = 16.2;
				MARKETING_VERSION = 1.0;
				PRODUCT_BUNDLE_IDENTIFIER = com.adit.FetchiOSTests;
				PRODUCT_NAME = "$(TARGET_NAME)";
				SWIFT_EMIT_LOC_STRINGS = NO;
				SWIFT_VERSION = 5.0;
				TARGETED_DEVICE_FAMILY = "1,2";
				TEST_HOST = "$(BUILT_PRODUCTS_DIR)/FetchiOS.app/$(BUNDLE_EXECUTABLE_FOLDER_PATH)/FetchiOS";
			};
			name = Release;
		};
		3090E17D2B03E28A0037ED68 /* Debug */ = {
			isa = XCBuildConfiguration;
			buildSettings = {
				ALWAYS_EMBED_SWIFT_STANDARD_LIBRARIES = YES;
				CODE_SIGN_STYLE = Automatic;
				CURRENT_PROJECT_VERSION = 1;
				DEVELOPMENT_TEAM = SWG8AHLFSK;
				GENERATE_INFOPLIST_FILE = YES;
				MARKETING_VERSION = 1.0;
				PRODUCT_BUNDLE_IDENTIFIER = com.adit.FetchiOSUITests;
				PRODUCT_NAME = "$(TARGET_NAME)";
				SWIFT_EMIT_LOC_STRINGS = NO;
				SWIFT_VERSION = 5.0;
				TARGETED_DEVICE_FAMILY = "1,2";
				TEST_TARGET_NAME = FetchiOS;
			};
			name = Debug;
		};
		3090E17E2B03E28A0037ED68 /* Release */ = {
			isa = XCBuildConfiguration;
			buildSettings = {
				ALWAYS_EMBED_SWIFT_STANDARD_LIBRARIES = YES;
				CODE_SIGN_STYLE = Automatic;
				CURRENT_PROJECT_VERSION = 1;
				DEVELOPMENT_TEAM = SWG8AHLFSK;
				GENERATE_INFOPLIST_FILE = YES;
				MARKETING_VERSION = 1.0;
				PRODUCT_BUNDLE_IDENTIFIER = com.adit.FetchiOSUITests;
				PRODUCT_NAME = "$(TARGET_NAME)";
				SWIFT_EMIT_LOC_STRINGS = NO;
				SWIFT_VERSION = 5.0;
				TARGETED_DEVICE_FAMILY = "1,2";
				TEST_TARGET_NAME = FetchiOS;
			};
			name = Release;
		};
/* End XCBuildConfiguration section */

/* Begin XCConfigurationList section */
		3090E14D2B03E2880037ED68 /* Build configuration list for PBXProject "FetchiOS" */ = {
			isa = XCConfigurationList;
			buildConfigurations = (
				3090E1742B03E28A0037ED68 /* Debug */,
				3090E1752B03E28A0037ED68 /* Release */,
			);
			defaultConfigurationIsVisible = 0;
			defaultConfigurationName = Release;
		};
		3090E1762B03E28A0037ED68 /* Build configuration list for PBXNativeTarget "FetchiOS" */ = {
			isa = XCConfigurationList;
			buildConfigurations = (
				3090E1772B03E28A0037ED68 /* Debug */,
				3090E1782B03E28A0037ED68 /* Release */,
			);
			defaultConfigurationIsVisible = 0;
			defaultConfigurationName = Release;
		};
		3090E1792B03E28A0037ED68 /* Build configuration list for PBXNativeTarget "FetchiOSTests" */ = {
			isa = XCConfigurationList;
			buildConfigurations = (
				3090E17A2B03E28A0037ED68 /* Debug */,
				3090E17B2B03E28A0037ED68 /* Release */,
			);
			defaultConfigurationIsVisible = 0;
			defaultConfigurationName = Release;
		};
		3090E17C2B03E28A0037ED68 /* Build configuration list for PBXNativeTarget "FetchiOSUITests" */ = {
			isa = XCConfigurationList;
			buildConfigurations = (
				3090E17D2B03E28A0037ED68 /* Debug */,
				3090E17E2B03E28A0037ED68 /* Release */,
			);
			defaultConfigurationIsVisible = 0;
			defaultConfigurationName = Release;
		};
/* End XCConfigurationList section */
	};
	rootObject = 3090E14A2B03E2880037ED68 /* Project object */;
}
